{
  "name": "mktDM",
  "lockfileVersion": 2,
  "requires": true,
  "packages": {
    "": {
      "dependencies": {
        "@citizenfx/client": "^1.0.3196-1",
        "@citizenfx/server": "^1.0.3196-1"
      }
    },
    "node_modules/@citizenfx/client": {
      "version": "1.0.3196-1",
      "resolved": "https://registry.npmjs.org/@citizenfx/client/-/client-1.0.3196-1.tgz",
      "integrity": "sha512-qUnDpAm3cnAVRZEW8bqG9UJqwP9JWZ3bTEyjUBBGm/nffszpJJjY5Y6VY9dfD8bLw8Ss/cWqnXFvBed/ezxBnA=="
    },
    "node_modules/@citizenfx/server": {
      "version": "1.0.3196-1",
      "resolved": "https://registry.npmjs.org/@citizenfx/server/-/server-1.0.3196-1.tgz",
      "integrity": "sha512-I/35LD3c/ImKASJJ2gZVfDFbK1moB9bcQtkef/HH4ajvfBglCszaoANJUsr3MZlJPYu4mFPCVPXMFlqpUbMMnA=="
    }
  },
  "dependencies": {
    "@citizenfx/client": {
      "version": "1.0.3196-1",
      "resolved": "https://registry.npmjs.org/@citizenfx/client/-/client-1.0.3196-1.tgz",
      "integrity": "sha512-qUnDpAm3cnAVRZEW8bqG9UJqwP9JWZ3bTEyjUBBGm/nffszpJJjY5Y6VY9dfD8bLw8Ss/cWqnXFvBed/ezxBnA=="
    },
    "@citizenfx/server": {
      "version": "1.0.3196-1",
      "resolved": "https://registry.npmjs.org/@citizenfx/server/-/server-1.0.3196-1.tgz",
      "integrity": "sha512-I/35LD3c/ImKASJJ2gZVfDFbK1moB9bcQtkef/HH4ajvfBglCszaoANJUsr3MZlJPYu4mFPCVPXMFlqpUbMMnA=="
    }
  }
}
